// !$*UTF8*$!
{
	archiveVersion = 1;
	classes = {
	};
	objectVersion = 46;
	objects = {

/* Begin PBXBuildFile section */
		F1127CAB1DDDBE9A003D3187 /* AppDelegate.swift in Sources */ = {isa = PBXBuildFile; fileRef = F1127CAA1DDDBE9A003D3187 /* AppDelegate.swift */; };
		F1127CAD1DDDBE9A003D3187 /* ViewController.swift in Sources */ = {isa = PBXBuildFile; fileRef = F1127CAC1DDDBE9A003D3187 /* ViewController.swift */; };
		F1127CB01DDDBE9A003D3187 /* Main.storyboard in Resources */ = {isa = PBXBuildFile; fileRef = F1127CAE1DDDBE9A003D3187 /* Main.storyboard */; };
		F1127CB21DDDBE9A003D3187 /* Assets.xcassets in Resources */ = {isa = PBXBuildFile; fileRef = F1127CB11DDDBE9A003D3187 /* Assets.xcassets */; };
		F1127CB51DDDBE9A003D3187 /* LaunchScreen.storyboard in Resources */ = {isa = PBXBuildFile; fileRef = F1127CB31DDDBE9A003D3187 /* LaunchScreen.storyboard */; };
		F1127CC01DDDBE9A003D3187 /* TableViewSpread_swiftTests.swift in Sources */ = {isa = PBXBuildFile; fileRef = F1127CBF1DDDBE9A003D3187 /* TableViewSpread_swiftTests.swift */; };
		F1127CCB1DDDBE9A003D3187 /* TableViewSpread_swiftUITests.swift in Sources */ = {isa = PBXBuildFile; fileRef = F1127CCA1DDDBE9A003D3187 /* TableViewSpread_swiftUITests.swift */; };
		F113DA231DDE97DC00E2D3C7 /* HelpSectionHeader.swift in Sources */ = {isa = PBXBuildFile; fileRef = F113DA221DDE97DC00E2D3C7 /* HelpSectionHeader.swift */; };
		F113DA251DDE97E500E2D3C7 /* HelpSectionHeader.xib in Resources */ = {isa = PBXBuildFile; fileRef = F113DA241DDE97E500E2D3C7 /* HelpSectionHeader.xib */; };
		F113DA6B1DDED81900E2D3C7 /* HelpTableCell.swift in Sources */ = {isa = PBXBuildFile; fileRef = F113DA691DDED81900E2D3C7 /* HelpTableCell.swift */; };
		F113DA6C1DDED81900E2D3C7 /* HelpTableCell.xib in Resources */ = {isa = PBXBuildFile; fileRef = F113DA6A1DDED81900E2D3C7 /* HelpTableCell.xib */; };
/* End PBXBuildFile section */

/* Begin PBXContainerItemProxy section */
		F1127CBC1DDDBE9A003D3187 /* PBXContainerItemProxy */ = {
			isa = PBXContainerItemProxy;
			containerPortal = F1127C9F1DDDBE9A003D3187 /* Project object */;
			proxyType = 1;
			remoteGlobalIDString = F1127CA61DDDBE9A003D3187;
			remoteInfo = "TableViewSpread-swift";
		};
		F1127CC71DDDBE9A003D3187 /* PBXContainerItemProxy */ = {
			isa = PBXContainerItemProxy;
			containerPortal = F1127C9F1DDDBE9A003D3187 /* Project object */;
			proxyType = 1;
			remoteGlobalIDString = F1127CA61DDDBE9A003D3187;
			remoteInfo = "TableViewSpread-swift";
		};
/* End PBXContainerItemProxy section */

/* Begin PBXFileReference section */
		F1127CA71DDDBE9A003D3187 /* TableViewSpread-swift.app */ = {isa = PBXFileReference; explicitFileType = wrapper.application; includeInIndex = 0; path = "TableViewSpread-swift.app"; sourceTree = BUILT_PRODUCTS_DIR; };
		F1127CAA1DDDBE9A003D3187 /* AppDelegate.swift */ = {isa = PBXFileReference; lastKnownFileType = sourcecode.swift; path = AppDelegate.swift; sourceTree = "<group>"; };
		F1127CAC1DDDBE9A003D3187 /* ViewController.swift */ = {isa = PBXFileReference; lastKnownFileType = sourcecode.swift; path = ViewController.swift; sourceTree = "<group>"; };
		F1127CAF1DDDBE9A003D3187 /* Base */ = {isa = PBXFileReference; lastKnownFileType = file.storyboard; name = Base; path = Base.lproj/Main.storyboard; sourceTree = "<group>"; };
		F1127CB11DDDBE9A003D3187 /* Assets.xcassets */ = {isa = PBXFileReference; lastKnownFileType = folder.assetcatalog; path = Assets.xcassets; sourceTree = "<group>"; };
		F1127CB41DDDBE9A003D3187 /* Base */ = {isa = PBXFileReference; lastKnownFileType = file.storyboard; name = Base; path = Base.lproj/LaunchScreen.storyboard; sourceTree = "<group>"; };
		F1127CB61DDDBE9A003D3187 /* Info.plist */ = {isa = PBXFileReference; lastKnownFileType = text.plist.xml; path = Info.plist; sourceTree = "<group>"; };
		F1127CBB1DDDBE9A003D3187 /* TableViewSpread-swiftTests.xctest */ = {isa = PBXFileReference; explicitFileType = wrapper.cfbundle; includeInIndex = 0; path = "TableViewSpread-swiftTests.xctest"; sourceTree = BUILT_PRODUCTS_DIR; };
		F1127CBF1DDDBE9A003D3187 /* TableViewSpread_swiftTests.swift */ = {isa = PBXFileReference; lastKnownFileType = sourcecode.swift; path = TableViewSpread_swiftTests.swift; sourceTree = "<group>"; };
		F1127CC11DDDBE9A003D3187 /* Info.plist */ = {isa = PBXFileReference; lastKnownFileType = text.plist.xml; path = Info.plist; sourceTree = "<group>"; };
		F1127CC61DDDBE9A003D3187 /* TableViewSpread-swiftUITests.xctest */ = {isa = PBXFileReference; explicitFileType = wrapper.cfbundle; includeInIndex = 0; path = "TableViewSpread-swiftUITests.xctest"; sourceTree = BUILT_PRODUCTS_DIR; };
		F1127CCA1DDDBE9A003D3187 /* TableViewSpread_swiftUITests.swift */ = {isa = PBXFileReference; lastKnownFileType = sourcecode.swift; path = TableViewSpread_swiftUITests.swift; sourceTree = "<group>"; };
		F1127CCC1DDDBE9A003D3187 /* Info.plist */ = {isa = PBXFileReference; lastKnownFileType = text.plist.xml; path = Info.plist; sourceTree = "<group>"; };
		F113DA221DDE97DC00E2D3C7 /* HelpSectionHeader.swift */ = {isa = PBXFileReference; fileEncoding = 4; lastKnownFileType = sourcecode.swift; path = HelpSectionHeader.swift; sourceTree = "<group>"; };
		F113DA241DDE97E500E2D3C7 /* HelpSectionHeader.xib */ = {isa = PBXFileReference; fileEncoding = 4; lastKnownFileType = file.xib; path = HelpSectionHeader.xib; sourceTree = "<group>"; };
		F113DA691DDED81900E2D3C7 /* HelpTableCell.swift */ = {isa = PBXFileReference; fileEncoding = 4; lastKnownFileType = sourcecode.swift; path = HelpTableCell.swift; sourceTree = "<group>"; };
		F113DA6A1DDED81900E2D3C7 /* HelpTableCell.xib */ = {isa = PBXFileReference; fileEncoding = 4; lastKnownFileType = file.xib; path = HelpTableCell.xib; sourceTree = "<group>"; };
/* End PBXFileReference section */

/* Begin PBXFrameworksBuildPhase section */
		F1127CA41DDDBE9A003D3187 /* Frameworks */ = {
			isa = PBXFrameworksBuildPhase;
			buildActionMask = 2147483647;
			files = (
			);
			runOnlyForDeploymentPostprocessing = 0;
		};
		F1127CB81DDDBE9A003D3187 /* Frameworks */ = {
			isa = PBXFrameworksBuildPhase;
			buildActionMask = 2147483647;
			files = (
			);
			runOnlyForDeploymentPostprocessing = 0;
		};
		F1127CC31DDDBE9A003D3187 /* Frameworks */ = {
			isa = PBXFrameworksBuildPhase;
			buildActionMask = 2147483647;
			files = (
			);
			runOnlyForDeploymentPostprocessing = 0;
		};
/* End PBXFrameworksBuildPhase section */

/* Begin PBXGroup section */
		F1127C9E1DDDBE9A003D3187 = {
			isa = PBXGroup;
			children = (
				F1127CA91DDDBE9A003D3187 /* TableViewSpread-swift */,
				F1127CBE1DDDBE9A003D3187 /* TableViewSpread-swiftTests */,
				F1127CC91DDDBE9A003D3187 /* TableViewSpread-swiftUITests */,
				F1127CA81DDDBE9A003D3187 /* Products */,
			);
			sourceTree = "<group>";
		};
		F1127CA81DDDBE9A003D3187 /* Products */ = {
			isa = PBXGroup;
			children = (
				F1127CA71DDDBE9A003D3187 /* TableViewSpread-swift.app */,
				F1127CBB1DDDBE9A003D3187 /* TableViewSpread-swiftTests.xctest */,
				F1127CC61DDDBE9A003D3187 /* TableViewSpread-swiftUITests.xctest */,
			);
			name = Products;
			sourceTree = "<group>";
		};
		F1127CA91DDDBE9A003D3187 /* TableViewSpread-swift */ = {
			isa = PBXGroup;
			children = (
				F1127CAA1DDDBE9A003D3187 /* AppDelegate.swift */,
				F113DA691DDED81900E2D3C7 /* HelpTableCell.swift */,
				F113DA6A1DDED81900E2D3C7 /* HelpTableCell.xib */,
				F1127CAC1DDDBE9A003D3187 /* ViewController.swift */,
				F1127CAE1DDDBE9A003D3187 /* Main.storyboard */,
				F1127CB11DDDBE9A003D3187 /* Assets.xcassets */,
				F1127CB31DDDBE9A003D3187 /* LaunchScreen.storyboard */,
				F1127CB61DDDBE9A003D3187 /* Info.plist */,
				F113DA221DDE97DC00E2D3C7 /* HelpSectionHeader.swift */,
				F113DA241DDE97E500E2D3C7 /* HelpSectionHeader.xib */,
			);
			path = "TableViewSpread-swift";
			sourceTree = "<group>";
		};
		F1127CBE1DDDBE9A003D3187 /* TableViewSpread-swiftTests */ = {
			isa = PBXGroup;
			children = (
				F1127CBF1DDDBE9A003D3187 /* TableViewSpread_swiftTests.swift */,
				F1127CC11DDDBE9A003D3187 /* Info.plist */,
			);
			path = "TableViewSpread-swiftTests";
			sourceTree = "<group>";
		};
		F1127CC91DDDBE9A003D3187 /* TableViewSpread-swiftUITests */ = {
			isa = PBXGroup;
			children = (
				F1127CCA1DDDBE9A003D3187 /* TableViewSpread_swiftUITests.swift */,
				F1127CCC1DDDBE9A003D3187 /* Info.plist */,
			);
			path = "TableViewSpread-swiftUITests";
			sourceTree = "<group>";
		};
/* End PBXGroup section */

/* Begin PBXNativeTarget section */
		F1127CA61DDDBE9A003D3187 /* TableViewSpread-swift */ = {
			isa = PBXNativeTarget;
			buildConfigurationList = F1127CCF1DDDBE9A003D3187 /* Build configuration list for PBXNativeTarget "TableViewSpread-swift" */;
			buildPhases = (
				F1127CA31DDDBE9A003D3187 /* Sources */,
				F1127CA41DDDBE9A003D3187 /* Frameworks */,
				F1127CA51DDDBE9A003D3187 /* Resources */,
			);
			buildRules = (
			);
			dependencies = (
			);
			name = "TableViewSpread-swift";
			productName = "TableViewSpread-swift";
			productReference = F1127CA71DDDBE9A003D3187 /* TableViewSpread-swift.app */;
			productType = "com.apple.product-type.application";
		};
		F1127CBA1DDDBE9A003D3187 /* TableViewSpread-swiftTests */ = {
			isa = PBXNativeTarget;
			buildConfigurationList = F1127CD21DDDBE9A003D3187 /* Build configuration list for PBXNativeTarget "TableViewSpread-swiftTests" */;
			buildPhases = (
				F1127CB71DDDBE9A003D3187 /* Sources */,
				F1127CB81DDDBE9A003D3187 /* Frameworks */,
				F1127CB91DDDBE9A003D3187 /* Resources */,
			);
			buildRules = (
			);
			dependencies = (
				F1127CBD1DDDBE9A003D3187 /* PBXTargetDependency */,
			);
			name = "TableViewSpread-swiftTests";
			productName = "TableViewSpread-swiftTests";
			productReference = F1127CBB1DDDBE9A003D3187 /* TableViewSpread-swiftTests.xctest */;
			productType = "com.apple.product-type.bundle.unit-test";
		};
		F1127CC51DDDBE9A003D3187 /* TableViewSpread-swiftUITests */ = {
			isa = PBXNativeTarget;
			buildConfigurationList = F1127CD51DDDBE9A003D3187 /* Build configuration list for PBXNativeTarget "TableViewSpread-swiftUITests" */;
			buildPhases = (
				F1127CC21DDDBE9A003D3187 /* Sources */,
				F1127CC31DDDBE9A003D3187 /* Frameworks */,
				F1127CC41DDDBE9A003D3187 /* Resources */,
			);
			buildRules = (
			);
			dependencies = (
				F1127CC81DDDBE9A003D3187 /* PBXTargetDependency */,
			);
			name = "TableViewSpread-swiftUITests";
			productName = "TableViewSpread-swiftUITests";
			productReference = F1127CC61DDDBE9A003D3187 /* TableViewSpread-swiftUITests.xctest */;
			productType = "com.apple.product-type.bundle.ui-testing";
		};
/* End PBXNativeTarget section */

/* Begin PBXProject section */
		F1127C9F1DDDBE9A003D3187 /* Project object */ = {
			isa = PBXProject;
			attributes = {
				LastSwiftUpdateCheck = 0810;
				LastUpgradeCheck = 0810;
				ORGANIZATIONNAME = pxh;
				TargetAttributes = {
					F1127CA61DDDBE9A003D3187 = {
						CreatedOnToolsVersion = 8.1;
						ProvisioningStyle = Automatic;
					};
					F1127CBA1DDDBE9A003D3187 = {
						CreatedOnToolsVersion = 8.1;
						ProvisioningStyle = Automatic;
						TestTargetID = F1127CA61DDDBE9A003D3187;
					};
					F1127CC51DDDBE9A003D3187 = {
						CreatedOnToolsVersion = 8.1;
						ProvisioningStyle = Automatic;
						TestTargetID = F1127CA61DDDBE9A003D3187;
					};
				};
			};
			buildConfigurationList = F1127CA21DDDBE9A003D3187 /* Build configuration list for PBXProject "TableViewSpread-swift" */;
			compatibilityVersion = "Xcode 3.2";
			developmentRegion = English;
			hasScannedForEncodings = 0;
			knownRegions = (
				en,
				Base,
			);
			mainGroup = F1127C9E1DDDBE9A003D3187;
			productRefGroup = F1127CA81DDDBE9A003D3187 /* Products */;
			projectDirPath = "";
			projectRoot = "";
			targets = (
				F1127CA61DDDBE9A003D3187 /* TableViewSpread-swift */,
				F1127CBA1DDDBE9A003D3187 /* TableViewSpread-swiftTests */,
				F1127CC51DDDBE9A003D3187 /* TableViewSpread-swiftUITests */,
			);
		};
/* End PBXProject section */

/* Begin PBXResourcesBuildPhase section */
		F1127CA51DDDBE9A003D3187 /* Resources */ = {
			isa = PBXResourcesBuildPhase;
			buildActionMask = 2147483647;
			files = (
				F1127CB51DDDBE9A003D3187 /* LaunchScreen.storyboard in Resources */,
				F113DA6C1DDED81900E2D3C7 /* HelpTableCell.xib in Resources */,
				F113DA251DDE97E500E2D3C7 /* HelpSectionHeader.xib in Resources */,
				F1127CB21DDDBE9A003D3187 /* Assets.xcassets in Resources */,
				F1127CB01DDDBE9A003D3187 /* Main.storyboard in Resources */,
			);
			runOnlyForDeploymentPostprocessing = 0;
		};
		F1127CB91DDDBE9A003D3187 /* Resources */ = {
			isa = PBXResourcesBuildPhase;
			buildActionMask = 2147483647;
			files = (
			);
			runOnlyForDeploymentPostprocessing = 0;
		};
		F1127CC41DDDBE9A003D3187 /* Resources */ = {
			isa = PBXResourcesBuildPhase;
			buildActionMask = 2147483647;
			files = (
			);
			runOnlyForDeploymentPostprocessing = 0;
		};
/* End PBXResourcesBuildPhase section */

/* Begin PBXSourcesBuildPhase section */
		F1127CA31DDDBE9A003D3187 /* Sources */ = {
			isa = PBXSourcesBuildPhase;
			buildActionMask = 2147483647;
			files = (
				F1127CAD1DDDBE9A003D3187 /* ViewController.swift in Sources */,
				F1127CAB1DDDBE9A003D3187 /* AppDelegate.swift in Sources */,
				F113DA231DDE97DC00E2D3C7 /* HelpSectionHeader.swift in Sources */,
				F113DA6B1DDED81900E2D3C7 /* HelpTableCell.swift in Sources */,
			);
			runOnlyForDeploymentPostprocessing = 0;
		};
		F1127CB71DDDBE9A003D3187 /* Sources */ = {
			isa = PBXSourcesBuildPhase;
			buildActionMask = 2147483647;
			files = (
				F1127CC01DDDBE9A003D3187 /* TableViewSpread_swiftTests.swift in Sources */,
			);
			runOnlyForDeploymentPostprocessing = 0;
		};
		F1127CC21DDDBE9A003D3187 /* Sources */ = {
			isa = PBXSourcesBuildPhase;
			buildActionMask = 2147483647;
			files = (
				F1127CCB1DDDBE9A003D3187 /* TableViewSpread_swiftUITests.swift in Sources */,
			);
			runOnlyForDeploymentPostprocessing = 0;
		};
/* End PBXSourcesBuildPhase section */

/* Begin PBXTargetDependency section */
		F1127CBD1DDDBE9A003D3187 /* PBXTargetDependency */ = {
			isa = PBXTargetDependency;
			target = F1127CA61DDDBE9A003D3187 /* TableViewSpread-swift */;
			targetProxy = F1127CBC1DDDBE9A003D3187 /* PBXContainerItemProxy */;
		};
		F1127CC81DDDBE9A003D3187 /* PBXTargetDependency */ = {
			isa = PBXTargetDependency;
			target = F1127CA61DDDBE9A003D3187 /* TableViewSpread-swift */;
			targetProxy = F1127CC71DDDBE9A003D3187 /* PBXContainerItemProxy */;
		};
/* End PBXTargetDependency section */

/* Begin PBXVariantGroup section */
		F1127CAE1DDDBE9A003D3187 /* Main.storyboard */ = {
			isa = PBXVariantGroup;
			children = (
				F1127CAF1DDDBE9A003D3187 /* Base */,
			);
			name = Main.storyboard;
			sourceTree = "<group>";
		};
		F1127CB31DDDBE9A003D3187 /* LaunchScreen.storyboard */ = {
			isa = PBXVariantGroup;
			children = (
				F1127CB41DDDBE9A003D3187 /* Base */,
			);
			name = LaunchScreen.storyboard;
			sourceTree = "<group>";
		};
/* End PBXVariantGroup section */

/* Begin XCBuildConfiguration section */
		F1127CCD1DDDBE9A003D3187 /* Debug */ = {
			isa = XCBuildConfiguration;
			buildSettings = {
				ALWAYS_SEARCH_USER_PATHS = NO;
				CLANG_ANALYZER_NONNULL = YES;
				CLANG_CXX_LANGUAGE_STANDARD = "gnu++0x";
				CLANG_CXX_LIBRARY = "libc++";
				CLANG_ENABLE_MODULES = YES;
				CLANG_ENABLE_OBJC_ARC = YES;
				CLANG_WARN_BOOL_CONVERSION = YES;
				CLANG_WARN_CONSTANT_CONVERSION = YES;
				CLANG_WARN_DIRECT_OBJC_ISA_USAGE = YES_ERROR;
				CLANG_WARN_DOCUMENTATION_COMMENTS = YES;
				CLANG_WARN_EMPTY_BODY = YES;
				CLANG_WARN_ENUM_CONVERSION = YES;
				CLANG_WARN_INFINITE_RECURSION = YES;
				CLANG_WARN_INT_CONVERSION = YES;
				CLANG_WARN_OBJC_ROOT_CLASS = YES_ERROR;
				CLANG_WARN_SUSPICIOUS_MOVES = YES;
				CLANG_WARN_UNREACHABLE_CODE = YES;
				CLANG_WARN__DUPLICATE_METHOD_MATCH = YES;
				"CODE_SIGN_IDENTITY[sdk=iphoneos*]" = "iPhone Developer";
				COPY_PHASE_STRIP = NO;
				DEBUG_INFORMATION_FORMAT = dwarf;
				ENABLE_STRICT_OBJC_MSGSEND = YES;
				ENABLE_TESTABILITY = YES;
				GCC_C_LANGUAGE_STANDARD = gnu99;
				GCC_DYNAMIC_NO_PIC = NO;
				GCC_NO_COMMON_BLOCKS = YES;
				GCC_OPTIMIZATION_LEVEL = 0;
				GCC_PREPROCESSOR_DEFINITIONS = (
					"DEBUG=1",
					"$(inherited)",
				);
				GCC_WARN_64_TO_32_BIT_CONVERSION = YES;
				GCC_WARN_ABOUT_RETURN_TYPE = YES_ERROR;
				GCC_WARN_UNDECLARED_SELECTOR = YES;
				GCC_WARN_UNINITIALIZED_AUTOS = YES_AGGRESSIVE;
				GCC_WARN_UNUSED_FUNCTION = YES;
				GCC_WARN_UNUSED_VARIABLE = YES;
				IPHONEOS_DEPLOYMENT_TARGET = 10.1;
				MTL_ENABLE_DEBUG_INFO = YES;
				ONLY_ACTIVE_ARCH = YES;
				SDKROOT = iphoneos;
				SWIFT_ACTIVE_COMPILATION_CONDITIONS = DEBUG;
				SWIFT_OPTIMIZATION_LEVEL = "-Onone";
				TARGETED_DEVICE_FAMILY = "1,2";
			};
			name = Debug;
		};
		F1127CCE1DDDBE9A003D3187 /* Release */ = {
			isa = XCBuildConfiguration;
			buildSettings = {
				ALWAYS_SEARCH_USER_PATHS = NO;
				CLANG_ANALYZER_NONNULL = YES;
				CLANG_CXX_LANGUAGE_STANDARD = "gnu++0x";
				CLANG_CXX_LIBRARY = "libc++";
				CLANG_ENABLE_MODULES = YES;
				CLANG_ENABLE_OBJC_ARC = YES;
				CLANG_WARN_BOOL_CONVERSION = YES;
				CLANG_WARN_CONSTANT_CONVERSION = YES;
				CLANG_WARN_DIRECT_OBJC_ISA_USAGE = YES_ERROR;
				CLANG_WARN_DOCUMENTATION_COMMENTS = YES;
				CLANG_WARN_EMPTY_BODY = YES;
				CLANG_WARN_ENUM_CONVERSION = YES;
				CLANG_WARN_INFINITE_RECURSION = YES;
				CLANG_WARN_INT_CONVERSION = YES;
				CLANG_WARN_OBJC_ROOT_CLASS = YES_ERROR;
				CLANG_WARN_SUSPICIOUS_MOVES = YES;
				CLANG_WARN_UNREACHABLE_CODE = YES;
				CLANG_WARN__DUPLICATE_METHOD_MATCH = YES;
				"CODE_SIGN_IDENTITY[sdk=iphoneos*]" = "iPhone Developer";
				COPY_PHASE_STRIP = NO;
				DEBUG_INFORMATION_FORMAT = "dwarf-with-dsym";
				ENABLE_NS_ASSERTIONS = NO;
				ENABLE_STRICT_OBJC_MSGSEND = YES;
				GCC_C_LANGUAGE_STANDARD = gnu99;
				GCC_NO_COMMON_BLOCKS = YES;
				GCC_WARN_64_TO_32_BIT_CONVERSION = YES;
				GCC_WARN_ABOUT_RETURN_TYPE = YES_ERROR;
				GCC_WARN_UNDECLARED_SELECTOR = YES;
				GCC_WARN_UNINITIALIZED_AUTOS = YES_AGGRESSIVE;
				GCC_WARN_UNUSED_FUNCTION = YES;
				GCC_WARN_UNUSED_VARIABLE = YES;
				IPHONEOS_DEPLOYMENT_TARGET = 10.1;
				MTL_ENABLE_DEBUG_INFO = NO;
				SDKROOT = iphoneos;
				SWIFT_OPTIMIZATION_LEVEL = "-Owholemodule";
				TARGETED_DEVICE_FAMILY = "1,2";
				VALIDATE_PRODUCT = YES;
			};
			name = Release;
		};
		F1127CD01DDDBE9A003D3187 /* Debug */ = {
			isa = XCBuildConfiguration;
			buildSettings = {
				ASSETCATALOG_COMPILER_APPICON_NAME = AppIcon;
				INFOPLIST_FILE = "TableViewSpread-swift/Info.plist";
				LD_RUNPATH_SEARCH_PATHS = "$(inherited) @executable_path/Frameworks";
				PRODUCT_BUNDLE_IDENTIFIER = "com.yunzhisheng.TableViewSpread-swift";
				PRODUCT_NAME = "$(TARGET_NAME)";
				SWIFT_OBJC_BRIDGING_HEADER = "";
				SWIFT_VERSION = 3.0;
			};
			name = Debug;
		};
		F1127CD11DDDBE9A003D3187 /* Release */ = {
			isa = XCBuildConfiguration;
			buildSettings = {
				ASSETCATALOG_COMPILER_APPICON_NAME = AppIcon;
				INFOPLIST_FILE = "TableViewSpread-swift/Info.plist";
				LD_RUNPATH_SEARCH_PATHS = "$(inherited) @executable_path/Frameworks";
				PRODUCT_BUNDLE_IDENTIFIER = "com.yunzhisheng.TableViewSpread-swift";
				PRODUCT_NAME = "$(TARGET_NAME)";
				SWIFT_OBJC_BRIDGING_HEADER = "";
				SWIFT_VERSION = 3.0;
			};
			name = Release;
		};
		F1127CD31DDDBE9A003D3187 /* Debug */ = {
			isa = XCBuildConfiguration;
			buildSettings = {
				ALWAYS_EMBED_SWIFT_STANDARD_LIBRARIES = YES;
				BUNDLE_LOADER = "$(TEST_HOST)";
				INFOPLIST_FILE = "TableViewSpread-swiftTests/Info.plist";
				LD_RUNPATH_SEARCH_PATHS = "$(inherited) @executable_path/Frameworks @loader_path/Frameworks";
				PRODUCT_BUNDLE_IDENTIFIER = "com.yunzhisheng.TableViewSpread-swiftTests";
				PRODUCT_NAME = "$(TARGET_NAME)";
				SWIFT_VERSION = 3.0;
				TEST_HOST = "$(BUILT_PRODUCTS_DIR)/TableViewSpread-swift.app/TableViewSpread-swift";
			};
			name = Debug;
		};
		F1127CD41DDDBE9A003D3187 /* Release */ = {
			isa = XCBuildConfiguration;
			buildSettings = {
				ALWAYS_EMBED_SWIFT_STANDARD_LIBRARIES = YES;
				BUNDLE_LOADER = "$(TEST_HOST)";
				INFOPLIST_FILE = "TableViewSpread-swiftTests/Info.plist";
				LD_RUNPATH_SEARCH_PATHS = "$(inherited) @executable_path/Frameworks @loader_path/Frameworks";
				PRODUCT_BUNDLE_IDENTIFIER = "com.yunzhisheng.TableViewSpread-swiftTests";
				PRODUCT_NAME = "$(TARGET_NAME)";
				SWIFT_VERSION = 3.0;
				TEST_HOST = "$(BUILT_PRODUCTS_DIR)/TableViewSpread-swift.app/TableViewSpread-swift";
			};
			name = Release;
		};
		F1127CD61DDDBE9A003D3187 /* Debug */ = {
			isa = XCBuildConfiguration;
			buildSettings = {
				ALWAYS_EMBED_SWIFT_STANDARD_LIBRARIES = YES;
				INFOPLIST_FILE = "TableViewSpread-swiftUITests/Info.plist";
				LD_RUNPATH_SEARCH_PATHS = "$(inherited) @executable_path/Frameworks @loader_path/Frameworks";
				PRODUCT_BUNDLE_IDENTIFIER = "com.yunzhisheng.TableViewSpread-swiftUITests";
				PRODUCT_NAME = "$(TARGET_NAME)";
				SWIFT_VERSION = 3.0;
				TEST_TARGET_NAME = "TableViewSpread-swift";
			};
			name = Debug;
		};
		F1127CD71DDDBE9A003D3187 /* Release */ = {
			isa = XCBuildConfiguration;
			buildSettings = {
				ALWAYS_EMBED_SWIFT_STANDARD_LIBRARIES = YES;
				INFOPLIST_FILE = "TableViewSpread-swiftUITests/Info.plist";
				LD_RUNPATH_SEARCH_PATHS = "$(inherited) @executable_path/Frameworks @loader_path/Frameworks";
				PRODUCT_BUNDLE_IDENTIFIER = "com.yunzhisheng.TableViewSpread-swiftUITests";
				PRODUCT_NAME = "$(TARGET_NAME)";
				SWIFT_VERSION = 3.0;
				TEST_TARGET_NAME = "TableViewSpread-swift";
			};
			name = Release;
		};
/* End XCBuildConfiguration section */

/* Begin XCConfigurationList section */
		F1127CA21DDDBE9A003D3187 /* Build configuration list for PBXProject "TableViewSpread-swift" */ = {
			isa = XCConfigurationList;
			buildConfigurations = (
				F1127CCD1DDDBE9A003D3187 /* Debug */,
				F1127CCE1DDDBE9A003D3187 /* Release */,
			);
			defaultConfigurationIsVisible = 0;
			defaultConfigurationName = Release;
		};
		F1127CCF1DDDBE9A003D3187 /* Build configuration list for PBXNativeTarget "TableViewSpread-swift" */ = {
			isa = XCConfigurationList;
			buildConfigurations = (
				F1127CD01DDDBE9A003D3187 /* Debug */,
				F1127CD11DDDBE9A003D3187 /* Release */,
			);
			defaultConfigurationIsVisible = 0;
			defaultConfigurationName = Release;
		};
		F1127CD21DDDBE9A003D3187 /* Build configuration list for PBXNativeTarget "TableViewSpread-swiftTests" */ = {
			isa = XCConfigurationList;
			buildConfigurations = (
				F1127CD31DDDBE9A003D3187 /* Debug */,
				F1127CD41DDDBE9A003D3187 /* Release */,
			);
			defaultConfigurationIsVisible = 0;
			defaultConfigurationName = Release;
		};
		F1127CD51DDDBE9A003D3187 /* Build configuration list for PBXNativeTarget "TableViewSpread-swiftUITests" */ = {
			isa = XCConfigurationList;
			buildConfigurations = (
				F1127CD61DDDBE9A003D3187 /* Debug */,
				F1127CD71DDDBE9A003D3187 /* Release */,
			);
			defaultConfigurationIsVisible = 0;
			defaultConfigurationName = Release;
		};
/* End XCConfigurationList section */
	};
	rootObject = F1127C9F1DDDBE9A003D3187 /* Project object */;
}
